
Microsoft Visual Studio Solution File, Format Version 12.00
# Visual Studio Version 16
VisualStudioVersion = 16.0.31613.86
MinimumVisualStudioVersion = 10.0.40219.1
Project("{9A19103F-16F7-4668-BE54-9A1E7A4F7556}") = "SistemadeBusqueda", "SistemadeBusqueda\SistemadeBusqueda.csproj", "{10942621-566D-481A-830D-C81D80094114}"
EndProject
Global
	GlobalSection(SolutionConfigurationPlatforms) = preSolution
		Debug|Any CPU = Debug|Any CPU
		Release|Any CPU = Release|Any CPU
	EndGlobalSection
	GlobalSection(ProjectConfigurationPlatforms) = postSolution
		{10942621-566D-481A-830D-C81D80094114}.Debug|Any CPU.ActiveCfg = Debug|Any CPU
		{10942621-566D-481A-830D-C81D80094114}.Debug|Any CPU.Build.0 = Debug|Any CPU
		{10942621-566D-481A-830D-C81D80094114}.Release|Any CPU.ActiveCfg = Release|Any CPU
		{10942621-566D-481A-830D-C81D80094114}.Release|Any CPU.Build.0 = Release|Any CPU
	EndGlobalSection
	GlobalSection(SolutionProperties) = preSolution
		HideSolutionNode = FALSE
	EndGlobalSection
	GlobalSection(ExtensibilityGlobals) = postSolution
		SolutionGuid = {409C8999-24AA-411F-A426-A7E4B464B5AF}
	EndGlobalSection
EndGlobal
